
Microsoft Visual Studio Solution File, Format Version 12.00
# Visual Studio Version 16
VisualStudioVersion = 16.0.30523.141
MinimumVisualStudioVersion = 10.0.40219.1
Project("{FAE04EC0-301F-11D3-BF4B-00C04F79EFBC}") = "controles en tiempo real", "controles en tiempo real\controles en tiempo real.csproj", "{D9B42BA2-454C-4BE5-82E0-3A04CA7B1437}"
EndProject
Global
	GlobalSection(SolutionConfigurationPlatforms) = preSolution
		Debug|Any CPU = Debug|Any CPU
		Release|Any CPU = Release|Any CPU
	EndGlobalSection
	GlobalSection(ProjectConfigurationPlatforms) = postSolution
		{D9B42BA2-454C-4BE5-82E0-3A04CA7B1437}.Debug|Any CPU.ActiveCfg = Debug|Any CPU
		{D9B42BA2-454C-4BE5-82E0-3A04CA7B1437}.Debug|Any CPU.Build.0 = Debug|Any CPU
		{D9B42BA2-454C-4BE5-82E0-3A04CA7B1437}.Release|Any CPU.ActiveCfg = Release|Any CPU
		{D9B42BA2-454C-4BE5-82E0-3A04CA7B1437}.Release|Any CPU.Build.0 = Release|Any CPU
	EndGlobalSection
	GlobalSection(SolutionProperties) = preSolution
		HideSolutionNode = FALSE
	EndGlobalSection
	GlobalSection(ExtensibilityGlobals) = postSolution
		SolutionGuid = {3BC35821-430D-4BED-9C14-18AB1816B276}
	EndGlobalSection
EndGlobal
